// !$*UTF8*$!
{
	archiveVersion = 1;
	classes = {
	};
	objectVersion = 50;
	objects = {

/* Begin PBXBuildFile section */
		B54758AA2634037800E794A6 /* AppDelegate.m in Sources */ = {isa = PBXBuildFile; fileRef = B54758A92634037800E794A6 /* AppDelegate.m */; };
		B54758AD2634037800E794A6 /* SceneDelegate.m in Sources */ = {isa = PBXBuildFile; fileRef = B54758AC2634037800E794A6 /* SceneDelegate.m */; };
		B54758B02634037800E794A6 /* ViewController.m in Sources */ = {isa = PBXBuildFile; fileRef = B54758AF2634037800E794A6 /* ViewController.m */; };
		B54758B32634037800E794A6 /* Main.storyboard in Resources */ = {isa = PBXBuildFile; fileRef = B54758B12634037800E794A6 /* Main.storyboard */; };
		B54758B52634037900E794A6 /* Assets.xcassets in Resources */ = {isa = PBXBuildFile; fileRef = B54758B42634037900E794A6 /* Assets.xcassets */; };
		B54758B82634037900E794A6 /* LaunchScreen.storyboard in Resources */ = {isa = PBXBuildFile; fileRef = B54758B62634037900E794A6 /* LaunchScreen.storyboard */; };
		B54758BB2634037900E794A6 /* main.m in Sources */ = {isa = PBXBuildFile; fileRef = B54758BA2634037900E794A6 /* main.m */; };
		B54758C52634037A00E794A6 /* RSSchoolClientTests.m in Sources */ = {isa = PBXBuildFile; fileRef = B54758C42634037A00E794A6 /* RSSchoolClientTests.m */; };
		B54758D02634037A00E794A6 /* RSSchoolClientUITests.m in Sources */ = {isa = PBXBuildFile; fileRef = B54758CF2634037A00E794A6 /* RSSchoolClientUITests.m */; };
		B54758E52634063400E794A6 /* SecondViewController.m in Sources */ = {isa = PBXBuildFile; fileRef = B54758E42634063300E794A6 /* SecondViewController.m */; };
/* End PBXBuildFile section */

/* Begin PBXContainerItemProxy section */
		B54758C12634037A00E794A6 /* PBXContainerItemProxy */ = {
			isa = PBXContainerItemProxy;
			containerPortal = B547589D2634037800E794A6 /* Project object */;
			proxyType = 1;
			remoteGlobalIDString = B54758A42634037800E794A6;
			remoteInfo = RSSchoolClient;
		};
		B54758CC2634037A00E794A6 /* PBXContainerItemProxy */ = {
			isa = PBXContainerItemProxy;
			containerPortal = B547589D2634037800E794A6 /* Project object */;
			proxyType = 1;
			remoteGlobalIDString = B54758A42634037800E794A6;
			remoteInfo = RSSchoolClient;
		};
/* End PBXContainerItemProxy section */

/* Begin PBXFileReference section */
		B54758A52634037800E794A6 /* RSSchoolClient.app */ = {isa = PBXFileReference; explicitFileType = wrapper.application; includeInIndex = 0; path = RSSchoolClient.app; sourceTree = BUILT_PRODUCTS_DIR; };
		B54758A82634037800E794A6 /* AppDelegate.h */ = {isa = PBXFileReference; lastKnownFileType = sourcecode.c.h; path = AppDelegate.h; sourceTree = "<group>"; };
		B54758A92634037800E794A6 /* AppDelegate.m */ = {isa = PBXFileReference; lastKnownFileType = sourcecode.c.objc; path = AppDelegate.m; sourceTree = "<group>"; };
		B54758AB2634037800E794A6 /* SceneDelegate.h */ = {isa = PBXFileReference; lastKnownFileType = sourcecode.c.h; path = SceneDelegate.h; sourceTree = "<group>"; };
		B54758AC2634037800E794A6 /* SceneDelegate.m */ = {isa = PBXFileReference; lastKnownFileType = sourcecode.c.objc; path = SceneDelegate.m; sourceTree = "<group>"; };
		B54758AE2634037800E794A6 /* ViewController.h */ = {isa = PBXFileReference; lastKnownFileType = sourcecode.c.h; path = ViewController.h; sourceTree = "<group>"; };
		B54758AF2634037800E794A6 /* ViewController.m */ = {isa = PBXFileReference; lastKnownFileType = sourcecode.c.objc; path = ViewController.m; sourceTree = "<group>"; };
		B54758B22634037800E794A6 /* Base */ = {isa = PBXFileReference; lastKnownFileType = file.storyboard; name = Base; path = Base.lproj/Main.storyboard; sourceTree = "<group>"; };
		B54758B42634037900E794A6 /* Assets.xcassets */ = {isa = PBXFileReference; lastKnownFileType = folder.assetcatalog; path = Assets.xcassets; sourceTree = "<group>"; };
		B54758B72634037900E794A6 /* Base */ = {isa = PBXFileReference; lastKnownFileType = file.storyboard; name = Base; path = Base.lproj/LaunchScreen.storyboard; sourceTree = "<group>"; };
		B54758B92634037900E794A6 /* Info.plist */ = {isa = PBXFileReference; lastKnownFileType = text.plist.xml; path = Info.plist; sourceTree = "<group>"; };
		B54758BA2634037900E794A6 /* main.m */ = {isa = PBXFileReference; lastKnownFileType = sourcecode.c.objc; path = main.m; sourceTree = "<group>"; };
		B54758C02634037A00E794A6 /* RSSchoolClientTests.xctest */ = {isa = PBXFileReference; explicitFileType = wrapper.cfbundle; includeInIndex = 0; path = RSSchoolClientTests.xctest; sourceTree = BUILT_PRODUCTS_DIR; };
		B54758C42634037A00E794A6 /* RSSchoolClientTests.m */ = {isa = PBXFileReference; lastKnownFileType = sourcecode.c.objc; path = RSSchoolClientTests.m; sourceTree = "<group>"; };
		B54758C62634037A00E794A6 /* Info.plist */ = {isa = PBXFileReference; lastKnownFileType = text.plist.xml; path = Info.plist; sourceTree = "<group>"; };
		B54758CB2634037A00E794A6 /* RSSchoolClientUITests.xctest */ = {isa = PBXFileReference; explicitFileType = wrapper.cfbundle; includeInIndex = 0; path = RSSchoolClientUITests.xctest; sourceTree = BUILT_PRODUCTS_DIR; };
		B54758CF2634037A00E794A6 /* RSSchoolClientUITests.m */ = {isa = PBXFileReference; lastKnownFileType = sourcecode.c.objc; path = RSSchoolClientUITests.m; sourceTree = "<group>"; };
		B54758D12634037A00E794A6 /* Info.plist */ = {isa = PBXFileReference; lastKnownFileType = text.plist.xml; path = Info.plist; sourceTree = "<group>"; };
		B54758E32634063300E794A6 /* SecondViewController.h */ = {isa = PBXFileReference; lastKnownFileType = sourcecode.c.h; path = SecondViewController.h; sourceTree = "<group>"; };
		B54758E42634063300E794A6 /* SecondViewController.m */ = {isa = PBXFileReference; lastKnownFileType = sourcecode.c.objc; path = SecondViewController.m; sourceTree = "<group>"; };
/* End PBXFileReference section */

/* Begin PBXFrameworksBuildPhase section */
		B54758A22634037800E794A6 /* Frameworks */ = {
			isa = PBXFrameworksBuildPhase;
			buildActionMask = 2147483647;
			files = (
			);
			runOnlyForDeploymentPostprocessing = 0;
		};
		B54758BD2634037A00E794A6 /* Frameworks */ = {
			isa = PBXFrameworksBuildPhase;
			buildActionMask = 2147483647;
			files = (
			);
			runOnlyForDeploymentPostprocessing = 0;
		};
		B54758C82634037A00E794A6 /* Frameworks */ = {
			isa = PBXFrameworksBuildPhase;
			buildActionMask = 2147483647;
			files = (
			);
			runOnlyForDeploymentPostprocessing = 0;
		};
/* End PBXFrameworksBuildPhase section */

/* Begin PBXGroup section */
		B547589C2634037800E794A6 = {
			isa = PBXGroup;
			children = (
				B54758A72634037800E794A6 /* RSSchoolClient */,
				B54758C32634037A00E794A6 /* RSSchoolClientTests */,
				B54758CE2634037A00E794A6 /* RSSchoolClientUITests */,
				B54758A62634037800E794A6 /* Products */,
			);
			sourceTree = "<group>";
		};
		B54758A62634037800E794A6 /* Products */ = {
			isa = PBXGroup;
			children = (
				B54758A52634037800E794A6 /* RSSchoolClient.app */,
				B54758C02634037A00E794A6 /* RSSchoolClientTests.xctest */,
				B54758CB2634037A00E794A6 /* RSSchoolClientUITests.xctest */,
			);
			name = Products;
			sourceTree = "<group>";
		};
		B54758A72634037800E794A6 /* RSSchoolClient */ = {
			isa = PBXGroup;
			children = (
				B54758A82634037800E794A6 /* AppDelegate.h */,
				B54758A92634037800E794A6 /* AppDelegate.m */,
				B54758AB2634037800E794A6 /* SceneDelegate.h */,
				B54758AC2634037800E794A6 /* SceneDelegate.m */,
				B54758AE2634037800E794A6 /* ViewController.h */,
				B54758AF2634037800E794A6 /* ViewController.m */,
				B54758B12634037800E794A6 /* Main.storyboard */,
				B54758B42634037900E794A6 /* Assets.xcassets */,
				B54758B62634037900E794A6 /* LaunchScreen.storyboard */,
				B54758B92634037900E794A6 /* Info.plist */,
				B54758BA2634037900E794A6 /* main.m */,
				B54758E32634063300E794A6 /* SecondViewController.h */,
				B54758E42634063300E794A6 /* SecondViewController.m */,
			);
			path = RSSchoolClient;
			sourceTree = "<group>";
		};
		B54758C32634037A00E794A6 /* RSSchoolClientTests */ = {
			isa = PBXGroup;
			children = (
				B54758C42634037A00E794A6 /* RSSchoolClientTests.m */,
				B54758C62634037A00E794A6 /* Info.plist */,
			);
			path = RSSchoolClientTests;
			sourceTree = "<group>";
		};
		B54758CE2634037A00E794A6 /* RSSchoolClientUITests */ = {
			isa = PBXGroup;
			children = (
				B54758CF2634037A00E794A6 /* RSSchoolClientUITests.m */,
				B54758D12634037A00E794A6 /* Info.plist */,
			);
			path = RSSchoolClientUITests;
			sourceTree = "<group>";
		};
/* End PBXGroup section */

/* Begin PBXNativeTarget section */
		B54758A42634037800E794A6 /* RSSchoolClient */ = {
			isa = PBXNativeTarget;
			buildConfigurationList = B54758D42634037A00E794A6 /* Build configuration list for PBXNativeTarget "RSSchoolClient" */;
			buildPhases = (
				B54758A12634037800E794A6 /* Sources */,
				B54758A22634037800E794A6 /* Frameworks */,
				B54758A32634037800E794A6 /* Resources */,
			);
			buildRules = (
			);
			dependencies = (
			);
			name = RSSchoolClient;
			productName = RSSchoolClient;
			productReference = B54758A52634037800E794A6 /* RSSchoolClient.app */;
			productType = "com.apple.product-type.application";
		};
		B54758BF2634037A00E794A6 /* RSSchoolClientTests */ = {
			isa = PBXNativeTarget;
			buildConfigurationList = B54758D72634037A00E794A6 /* Build configuration list for PBXNativeTarget "RSSchoolClientTests" */;
			buildPhases = (
				B54758BC2634037A00E794A6 /* Sources */,
				B54758BD2634037A00E794A6 /* Frameworks */,
				B54758BE2634037A00E794A6 /* Resources */,
			);
			buildRules = (
			);
			dependencies = (
				B54758C22634037A00E794A6 /* PBXTargetDependency */,
			);
			name = RSSchoolClientTests;
			productName = RSSchoolClientTests;
			productReference = B54758C02634037A00E794A6 /* RSSchoolClientTests.xctest */;
			productType = "com.apple.product-type.bundle.unit-test";
		};
		B54758CA2634037A00E794A6 /* RSSchoolClientUITests */ = {
			isa = PBXNativeTarget;
			buildConfigurationList = B54758DA2634037A00E794A6 /* Build configuration list for PBXNativeTarget "RSSchoolClientUITests" */;
			buildPhases = (
				B54758C72634037A00E794A6 /* Sources */,
				B54758C82634037A00E794A6 /* Frameworks */,
				B54758C92634037A00E794A6 /* Resources */,
			);
			buildRules = (
			);
			dependencies = (
				B54758CD2634037A00E794A6 /* PBXTargetDependency */,
			);
			name = RSSchoolClientUITests;
			productName = RSSchoolClientUITests;
			productReference = B54758CB2634037A00E794A6 /* RSSchoolClientUITests.xctest */;
			productType = "com.apple.product-type.bundle.ui-testing";
		};
/* End PBXNativeTarget section */

/* Begin PBXProject section */
		B547589D2634037800E794A6 /* Project object */ = {
			isa = PBXProject;
			attributes = {
				LastUpgradeCheck = 1240;
				TargetAttributes = {
					B54758A42634037800E794A6 = {
						CreatedOnToolsVersion = 12.4;
					};
					B54758BF2634037A00E794A6 = {
						CreatedOnToolsVersion = 12.4;
						TestTargetID = B54758A42634037800E794A6;
					};
					B54758CA2634037A00E794A6 = {
						CreatedOnToolsVersion = 12.4;
						TestTargetID = B54758A42634037800E794A6;
					};
				};
			};
			buildConfigurationList = B54758A02634037800E794A6 /* Build configuration list for PBXProject "RSSchoolClient" */;
			compatibilityVersion = "Xcode 9.3";
			developmentRegion = en;
			hasScannedForEncodings = 0;
			knownRegions = (
				en,
				Base,
			);
			mainGroup = B547589C2634037800E794A6;
			productRefGroup = B54758A62634037800E794A6 /* Products */;
			projectDirPath = "";
			projectRoot = "";
			targets = (
				B54758A42634037800E794A6 /* RSSchoolClient */,
				B54758BF2634037A00E794A6 /* RSSchoolClientTests */,
				B54758CA2634037A00E794A6 /* RSSchoolClientUITests */,
			);
		};
/* End PBXProject section */

/* Begin PBXResourcesBuildPhase section */
		B54758A32634037800E794A6 /* Resources */ = {
			isa = PBXResourcesBuildPhase;
			buildActionMask = 2147483647;
			files = (
				B54758B82634037900E794A6 /* LaunchScreen.storyboard in Resources */,
				B54758B52634037900E794A6 /* Assets.xcassets in Resources */,
				B54758B32634037800E794A6 /* Main.storyboard in Resources */,
			);
			runOnlyForDeploymentPostprocessing = 0;
		};
		B54758BE2634037A00E794A6 /* Resources */ = {
			isa = PBXResourcesBuildPhase;
			buildActionMask = 2147483647;
			files = (
			);
			runOnlyForDeploymentPostprocessing = 0;
		};
		B54758C92634037A00E794A6 /* Resources */ = {
			isa = PBXResourcesBuildPhase;
			buildActionMask = 2147483647;
			files = (
			);
			runOnlyForDeploymentPostprocessing = 0;
		};
/* End PBXResourcesBuildPhase section */

/* Begin PBXSourcesBuildPhase section */
		B54758A12634037800E794A6 /* Sources */ = {
			isa = PBXSourcesBuildPhase;
			buildActionMask = 2147483647;
			files = (
				B54758E52634063400E794A6 /* SecondViewController.m in Sources */,
				B54758B02634037800E794A6 /* ViewController.m in Sources */,
				B54758AA2634037800E794A6 /* AppDelegate.m in Sources */,
				B54758BB2634037900E794A6 /* main.m in Sources */,
				B54758AD2634037800E794A6 /* SceneDelegate.m in Sources */,
			);
			runOnlyForDeploymentPostprocessing = 0;
		};
		B54758BC2634037A00E794A6 /* Sources */ = {
			isa = PBXSourcesBuildPhase;
			buildActionMask = 2147483647;
			files = (
				B54758C52634037A00E794A6 /* RSSchoolClientTests.m in Sources */,
			);
			runOnlyForDeploymentPostprocessing = 0;
		};
		B54758C72634037A00E794A6 /* Sources */ = {
			isa = PBXSourcesBuildPhase;
			buildActionMask = 2147483647;
			files = (
				B54758D02634037A00E794A6 /* RSSchoolClientUITests.m in Sources */,
			);
			runOnlyForDeploymentPostprocessing = 0;
		};
/* End PBXSourcesBuildPhase section */

/* Begin PBXTargetDependency section */
		B54758C22634037A00E794A6 /* PBXTargetDependency */ = {
			isa = PBXTargetDependency;
			target = B54758A42634037800E794A6 /* RSSchoolClient */;
			targetProxy = B54758C12634037A00E794A6 /* PBXContainerItemProxy */;
		};
		B54758CD2634037A00E794A6 /* PBXTargetDependency */ = {
			isa = PBXTargetDependency;
			target = B54758A42634037800E794A6 /* RSSchoolClient */;
			targetProxy = B54758CC2634037A00E794A6 /* PBXContainerItemProxy */;
		};
/* End PBXTargetDependency section */

/* Begin PBXVariantGroup section */
		B54758B12634037800E794A6 /* Main.storyboard */ = {
			isa = PBXVariantGroup;
			children = (
				B54758B22634037800E794A6 /* Base */,
			);
			name = Main.storyboard;
			sourceTree = "<group>";
		};
		B54758B62634037900E794A6 /* LaunchScreen.storyboard */ = {
			isa = PBXVariantGroup;
			children = (
				B54758B72634037900E794A6 /* Base */,
			);
			name = LaunchScreen.storyboard;
			sourceTree = "<group>";
		};
/* End PBXVariantGroup section */

/* Begin XCBuildConfiguration section */
		B54758D22634037A00E794A6 /* Debug */ = {
			isa = XCBuildConfiguration;
			buildSettings = {
				ALWAYS_SEARCH_USER_PATHS = NO;
				CLANG_ANALYZER_NONNULL = YES;
				CLANG_ANALYZER_NUMBER_OBJECT_CONVERSION = YES_AGGRESSIVE;
				CLANG_CXX_LANGUAGE_STANDARD = "gnu++14";
				CLANG_CXX_LIBRARY = "libc++";
				CLANG_ENABLE_MODULES = YES;
				CLANG_ENABLE_OBJC_ARC = NO;
				CLANG_ENABLE_OBJC_WEAK = YES;
				CLANG_WARN_BLOCK_CAPTURE_AUTORELEASING = YES;
				CLANG_WARN_BOOL_CONVERSION = YES;
				CLANG_WARN_COMMA = YES;
				CLANG_WARN_CONSTANT_CONVERSION = YES;
				CLANG_WARN_DEPRECATED_OBJC_IMPLEMENTATIONS = YES;
				CLANG_WARN_DIRECT_OBJC_ISA_USAGE = YES_ERROR;
				CLANG_WARN_DOCUMENTATION_COMMENTS = YES;
				CLANG_WARN_EMPTY_BODY = YES;
				CLANG_WARN_ENUM_CONVERSION = YES;
				CLANG_WARN_INFINITE_RECURSION = YES;
				CLANG_WARN_INT_CONVERSION = YES;
				CLANG_WARN_NON_LITERAL_NULL_CONVERSION = YES;
				CLANG_WARN_OBJC_IMPLICIT_RETAIN_SELF = YES;
				CLANG_WARN_OBJC_LITERAL_CONVERSION = YES;
				CLANG_WARN_OBJC_ROOT_CLASS = YES_ERROR;
				CLANG_WARN_QUOTED_INCLUDE_IN_FRAMEWORK_HEADER = YES;
				CLANG_WARN_RANGE_LOOP_ANALYSIS = YES;
				CLANG_WARN_STRICT_PROTOTYPES = YES;
				CLANG_WARN_SUSPICIOUS_MOVE = YES;
				CLANG_WARN_UNGUARDED_AVAILABILITY = YES_AGGRESSIVE;
				CLANG_WARN_UNREACHABLE_CODE = YES;
				CLANG_WARN__DUPLICATE_METHOD_MATCH = YES;
				COPY_PHASE_STRIP = NO;
				DEBUG_INFORMATION_FORMAT = dwarf;
				ENABLE_STRICT_OBJC_MSGSEND = YES;
				ENABLE_TESTABILITY = YES;
				GCC_C_LANGUAGE_STANDARD = gnu11;
				GCC_DYNAMIC_NO_PIC = NO;
				GCC_NO_COMMON_BLOCKS = YES;
				GCC_OPTIMIZATION_LEVEL = 0;
				GCC_PREPROCESSOR_DEFINITIONS = (
					"DEBUG=1",
					"$(inherited)",
				);
				GCC_WARN_64_TO_32_BIT_CONVERSION = YES;
				GCC_WARN_ABOUT_RETURN_TYPE = YES_ERROR;
				GCC_WARN_UNDECLARED_SELECTOR = YES;
				GCC_WARN_UNINITIALIZED_AUTOS = YES_AGGRESSIVE;
				GCC_WARN_UNUSED_FUNCTION = YES;
				GCC_WARN_UNUSED_VARIABLE = YES;
				IPHONEOS_DEPLOYMENT_TARGET = 14.4;
				MTL_ENABLE_DEBUG_INFO = INCLUDE_SOURCE;
				MTL_FAST_MATH = YES;
				ONLY_ACTIVE_ARCH = YES;
				SDKROOT = iphoneos;
			};
			name = Debug;
		};
		B54758D32634037A00E794A6 /* Release */ = {
			isa = XCBuildConfiguration;
			buildSettings = {
				ALWAYS_SEARCH_USER_PATHS = NO;
				CLANG_ANALYZER_NONNULL = YES;
				CLANG_ANALYZER_NUMBER_OBJECT_CONVERSION = YES_AGGRESSIVE;
				CLANG_CXX_LANGUAGE_STANDARD = "gnu++14";
				CLANG_CXX_LIBRARY = "libc++";
				CLANG_ENABLE_MODULES = YES;
				CLANG_ENABLE_OBJC_ARC = NO;
				CLANG_ENABLE_OBJC_WEAK = YES;
				CLANG_WARN_BLOCK_CAPTURE_AUTORELEASING = YES;
				CLANG_WARN_BOOL_CONVERSION = YES;
				CLANG_WARN_COMMA = YES;
				CLANG_WARN_CONSTANT_CONVERSION = YES;
				CLANG_WARN_DEPRECATED_OBJC_IMPLEMENTATIONS = YES;
				CLANG_WARN_DIRECT_OBJC_ISA_USAGE = YES_ERROR;
				CLANG_WARN_DOCUMENTATION_COMMENTS = YES;
				CLANG_WARN_EMPTY_BODY = YES;
				CLANG_WARN_ENUM_CONVERSION = YES;
				CLANG_WARN_INFINITE_RECURSION = YES;
				CLANG_WARN_INT_CONVERSION = YES;
				CLANG_WARN_NON_LITERAL_NULL_CONVERSION = YES;
				CLANG_WARN_OBJC_IMPLICIT_RETAIN_SELF = YES;
				CLANG_WARN_OBJC_LITERAL_CONVERSION = YES;
				CLANG_WARN_OBJC_ROOT_CLASS = YES_ERROR;
				CLANG_WARN_QUOTED_INCLUDE_IN_FRAMEWORK_HEADER = YES;
				CLANG_WARN_RANGE_LOOP_ANALYSIS = YES;
				CLANG_WARN_STRICT_PROTOTYPES = YES;
				CLANG_WARN_SUSPICIOUS_MOVE = YES;
				CLANG_WARN_UNGUARDED_AVAILABILITY = YES_AGGRESSIVE;
				CLANG_WARN_UNREACHABLE_CODE = YES;
				CLANG_WARN__DUPLICATE_METHOD_MATCH = YES;
				COPY_PHASE_STRIP = NO;
				DEBUG_INFORMATION_FORMAT = "dwarf-with-dsym";
				ENABLE_NS_ASSERTIONS = NO;
				ENABLE_STRICT_OBJC_MSGSEND = YES;
				GCC_C_LANGUAGE_STANDARD = gnu11;
				GCC_NO_COMMON_BLOCKS = YES;
				GCC_WARN_64_TO_32_BIT_CONVERSION = YES;
				GCC_WARN_ABOUT_RETURN_TYPE = YES_ERROR;
				GCC_WARN_UNDECLARED_SELECTOR = YES;
				GCC_WARN_UNINITIALIZED_AUTOS = YES_AGGRESSIVE;
				GCC_WARN_UNUSED_FUNCTION = YES;
				GCC_WARN_UNUSED_VARIABLE = YES;
				IPHONEOS_DEPLOYMENT_TARGET = 14.4;
				MTL_ENABLE_DEBUG_INFO = NO;
				MTL_FAST_MATH = YES;
				SDKROOT = iphoneos;
				VALIDATE_PRODUCT = YES;
			};
			name = Release;
		};
		B54758D52634037A00E794A6 /* Debug */ = {
			isa = XCBuildConfiguration;
			buildSettings = {
				ASSETCATALOG_COMPILER_APPICON_NAME = AppIcon;
				ASSETCATALOG_COMPILER_GLOBAL_ACCENT_COLOR_NAME = AccentColor;
				CLANG_ENABLE_OBJC_ARC = YES;
				CODE_SIGN_STYLE = Automatic;
				DEVELOPMENT_TEAM = ZKD5B52RMM;
				INFOPLIST_FILE = RSSchoolClient/Info.plist;
				LD_RUNPATH_SEARCH_PATHS = (
					"$(inherited)",
					"@executable_path/Frameworks",
				);
				PRODUCT_BUNDLE_IDENTIFIER = com.rollingscopesschool.RSSchoolClient;
				PRODUCT_NAME = "$(TARGET_NAME)";
				TARGETED_DEVICE_FAMILY = "1,2";
			};
			name = Debug;
		};
		B54758D62634037A00E794A6 /* Release */ = {
			isa = XCBuildConfiguration;
			buildSettings = {
				ASSETCATALOG_COMPILER_APPICON_NAME = AppIcon;
				ASSETCATALOG_COMPILER_GLOBAL_ACCENT_COLOR_NAME = AccentColor;
				CLANG_ENABLE_OBJC_ARC = YES;
				CODE_SIGN_STYLE = Automatic;
				DEVELOPMENT_TEAM = ZKD5B52RMM;
				INFOPLIST_FILE = RSSchoolClient/Info.plist;
				LD_RUNPATH_SEARCH_PATHS = (
					"$(inherited)",
					"@executable_path/Frameworks",
				);
				PRODUCT_BUNDLE_IDENTIFIER = com.rollingscopesschool.RSSchoolClient;
				PRODUCT_NAME = "$(TARGET_NAME)";
				TARGETED_DEVICE_FAMILY = "1,2";
			};
			name = Release;
		};
		B54758D82634037A00E794A6 /* Debug */ = {
			isa = XCBuildConfiguration;
			buildSettings = {
				BUNDLE_LOADER = "$(TEST_HOST)";
				CODE_SIGN_STYLE = Automatic;
				DEVELOPMENT_TEAM = ZKD5B52RMM;
				INFOPLIST_FILE = RSSchoolClientTests/Info.plist;
				IPHONEOS_DEPLOYMENT_TARGET = 14.4;
				LD_RUNPATH_SEARCH_PATHS = (
					"$(inherited)",
					"@executable_path/Frameworks",
					"@loader_path/Frameworks",
				);
				PRODUCT_BUNDLE_IDENTIFIER = com.rollingscopesschool.RSSchoolClientTests;
				PRODUCT_NAME = "$(TARGET_NAME)";
				TARGETED_DEVICE_FAMILY = "1,2";
				TEST_HOST = "$(BUILT_PRODUCTS_DIR)/RSSchoolClient.app/RSSchoolClient";
			};
			name = Debug;
		};
		B54758D92634037A00E794A6 /* Release */ = {
			isa = XCBuildConfiguration;
			buildSettings = {
				BUNDLE_LOADER = "$(TEST_HOST)";
				CODE_SIGN_STYLE = Automatic;
				DEVELOPMENT_TEAM = ZKD5B52RMM;
				INFOPLIST_FILE = RSSchoolClientTests/Info.plist;
				IPHONEOS_DEPLOYMENT_TARGET = 14.4;
				LD_RUNPATH_SEARCH_PATHS = (
					"$(inherited)",
					"@executable_path/Frameworks",
					"@loader_path/Frameworks",
				);
				PRODUCT_BUNDLE_IDENTIFIER = com.rollingscopesschool.RSSchoolClientTests;
				PRODUCT_NAME = "$(TARGET_NAME)";
				TARGETED_DEVICE_FAMILY = "1,2";
				TEST_HOST = "$(BUILT_PRODUCTS_DIR)/RSSchoolClient.app/RSSchoolClient";
			};
			name = Release;
		};
		B54758DB2634037A00E794A6 /* Debug */ = {
			isa = XCBuildConfiguration;
			buildSettings = {
				CODE_SIGN_STYLE = Automatic;
				DEVELOPMENT_TEAM = ZKD5B52RMM;
				INFOPLIST_FILE = RSSchoolClientUITests/Info.plist;
				LD_RUNPATH_SEARCH_PATHS = (
					"$(inherited)",
					"@executable_path/Frameworks",
					"@loader_path/Frameworks",
				);
				PRODUCT_BUNDLE_IDENTIFIER = com.rollingscopesschool.RSSchoolClientUITests;
				PRODUCT_NAME = "$(TARGET_NAME)";
				TARGETED_DEVICE_FAMILY = "1,2";
				TEST_TARGET_NAME = RSSchoolClient;
			};
			name = Debug;
		};
		B54758DC2634037A00E794A6 /* Release */ = {
			isa = XCBuildConfiguration;
			buildSettings = {
				CODE_SIGN_STYLE = Automatic;
				DEVELOPMENT_TEAM = ZKD5B52RMM;
				INFOPLIST_FILE = RSSchoolClientUITests/Info.plist;
				LD_RUNPATH_SEARCH_PATHS = (
					"$(inherited)",
					"@executable_path/Frameworks",
					"@loader_path/Frameworks",
				);
				PRODUCT_BUNDLE_IDENTIFIER = com.rollingscopesschool.RSSchoolClientUITests;
				PRODUCT_NAME = "$(TARGET_NAME)";
				TARGETED_DEVICE_FAMILY = "1,2";
				TEST_TARGET_NAME = RSSchoolClient;
			};
			name = Release;
		};
/* End XCBuildConfiguration section */

/* Begin XCConfigurationList section */
		B54758A02634037800E794A6 /* Build configuration list for PBXProject "RSSchoolClient" */ = {
			isa = XCConfigurationList;
			buildConfigurations = (
				B54758D22634037A00E794A6 /* Debug */,
				B54758D32634037A00E794A6 /* Release */,
			);
			defaultConfigurationIsVisible = 0;
			defaultConfigurationName = Release;
		};
		B54758D42634037A00E794A6 /* Build configuration list for PBXNativeTarget "RSSchoolClient" */ = {
			isa = XCConfigurationList;
			buildConfigurations = (
				B54758D52634037A00E794A6 /* Debug */,
				B54758D62634037A00E794A6 /* Release */,
			);
			defaultConfigurationIsVisible = 0;
			defaultConfigurationName = Release;
		};
		B54758D72634037A00E794A6 /* Build configuration list for PBXNativeTarget "RSSchoolClientTests" */ = {
			isa = XCConfigurationList;
			buildConfigurations = (
				B54758D82634037A00E794A6 /* Debug */,
				B54758D92634037A00E794A6 /* Release */,
			);
			defaultConfigurationIsVisible = 0;
			defaultConfigurationName = Release;
		};
		B54758DA2634037A00E794A6 /* Build configuration list for PBXNativeTarget "RSSchoolClientUITests" */ = {
			isa = XCConfigurationList;
			buildConfigurations = (
				B54758DB2634037A00E794A6 /* Debug */,
				B54758DC2634037A00E794A6 /* Release */,
			);
			defaultConfigurationIsVisible = 0;
			defaultConfigurationName = Release;
		};
/* End XCConfigurationList section */
	};
	rootObject = B547589D2634037800E794A6 /* Project object */;
}
